
Microsoft Visual Studio Solution File, Format Version 12.00
# Visual Studio Version 16
VisualStudioVersion = 16.0.29806.167
MinimumVisualStudioVersion = 10.0.40219.1
Project("{9A19103F-16F7-4668-BE54-9A1E7A4F7556}") = "WkOne", "WkOne\WkOne.csproj", "{F2D303D9-2228-46DA-94A4-0C577008B339}"
EndProject
Project("{9A19103F-16F7-4668-BE54-9A1E7A4F7556}") = "LabTwo", "LabTwo\LabTwo.csproj", "{7BF70F76-6DDA-4FF1-8D8B-8D8FCFADC839}"
EndProject
Project("{9A19103F-16F7-4668-BE54-9A1E7A4F7556}") = "ControlStruc", "ControlStruc\ControlStruc.csproj", "{20DC0D7E-2343-4BA5-9C53-1CF52AE74A5B}"
EndProject
Project("{9A19103F-16F7-4668-BE54-9A1E7A4F7556}") = "Reputation", "Reputation\Reputation.csproj", "{19720B21-3253-404D-B385-E35CE3B76592}"
EndProject
Project("{9A19103F-16F7-4668-BE54-9A1E7A4F7556}") = "ArrayExamples", "ArrayExamples\ArrayExamples.csproj", "{101CCE2D-3BD1-46D9-9B28-9DEAC8FCA0FB}"
EndProject
Project("{9A19103F-16F7-4668-BE54-9A1E7A4F7556}") = "linq", "link\linq.csproj", "{E8C708DD-343F-4C7B-937E-F19369D324D6}"
EndProject
Project("{9A19103F-16F7-4668-BE54-9A1E7A4F7556}") = "CardApp", "CardApp\CardApp.csproj", "{2817C7DF-EFBE-4665-BC51-604C29A5B4A2}"
EndProject
Project("{9A19103F-16F7-4668-BE54-9A1E7A4F7556}") = "ClassDesign", "ClassDesign\ClassDesign.csproj", "{FDAEE181-DAD7-48ED-8490-93850DC2037B}"
EndProject
Project("{9A19103F-16F7-4668-BE54-9A1E7A4F7556}") = "ObjectDes", "ObjectDesign\ObjectDes.csproj", "{486E58E4-6826-4FC5-ADC2-6256D8C3641A}"
EndProject
Project("{9A19103F-16F7-4668-BE54-9A1E7A4F7556}") = "CommandPrompt", "CommandPrompt\CommandPrompt.csproj", "{A632B951-85BC-4E52-861A-1514DC18759D}"
EndProject
Project("{9A19103F-16F7-4668-BE54-9A1E7A4F7556}") = "inheritance", "inheritance\inheritance.csproj", "{C8807737-E144-4DF1-BC2B-D97CAA485674}"
EndProject
Project("{9A19103F-16F7-4668-BE54-9A1E7A4F7556}") = "Banking", "Banking\Banking.csproj", "{8FFF1A18-6601-433C-95C5-F7CE4AA6C532}"
EndProject
Project("{FAE04EC0-301F-11D3-BF4B-00C04F79EFBC}") = "DoTheMath", "DoTheMath\DoTheMath.csproj", "{A92138DB-2511-411B-872D-4E7162AB19EC}"
EndProject
Global
	GlobalSection(SolutionConfigurationPlatforms) = preSolution
		Debug|Any CPU = Debug|Any CPU
		Release|Any CPU = Release|Any CPU
	EndGlobalSection
	GlobalSection(ProjectConfigurationPlatforms) = postSolution
		{F2D303D9-2228-46DA-94A4-0C577008B339}.Debug|Any CPU.ActiveCfg = Debug|Any CPU
		{F2D303D9-2228-46DA-94A4-0C577008B339}.Debug|Any CPU.Build.0 = Debug|Any CPU
		{F2D303D9-2228-46DA-94A4-0C577008B339}.Release|Any CPU.ActiveCfg = Release|Any CPU
		{F2D303D9-2228-46DA-94A4-0C577008B339}.Release|Any CPU.Build.0 = Release|Any CPU
		{7BF70F76-6DDA-4FF1-8D8B-8D8FCFADC839}.Debug|Any CPU.ActiveCfg = Debug|Any CPU
		{7BF70F76-6DDA-4FF1-8D8B-8D8FCFADC839}.Debug|Any CPU.Build.0 = Debug|Any CPU
		{7BF70F76-6DDA-4FF1-8D8B-8D8FCFADC839}.Release|Any CPU.ActiveCfg = Release|Any CPU
		{7BF70F76-6DDA-4FF1-8D8B-8D8FCFADC839}.Release|Any CPU.Build.0 = Release|Any CPU
		{20DC0D7E-2343-4BA5-9C53-1CF52AE74A5B}.Debug|Any CPU.ActiveCfg = Debug|Any CPU
		{20DC0D7E-2343-4BA5-9C53-1CF52AE74A5B}.Debug|Any CPU.Build.0 = Debug|Any CPU
		{20DC0D7E-2343-4BA5-9C53-1CF52AE74A5B}.Release|Any CPU.ActiveCfg = Release|Any CPU
		{20DC0D7E-2343-4BA5-9C53-1CF52AE74A5B}.Release|Any CPU.Build.0 = Release|Any CPU
		{19720B21-3253-404D-B385-E35CE3B76592}.Debug|Any CPU.ActiveCfg = Debug|Any CPU
		{19720B21-3253-404D-B385-E35CE3B76592}.Debug|Any CPU.Build.0 = Debug|Any CPU
		{19720B21-3253-404D-B385-E35CE3B76592}.Release|Any CPU.ActiveCfg = Release|Any CPU
		{19720B21-3253-404D-B385-E35CE3B76592}.Release|Any CPU.Build.0 = Release|Any CPU
		{101CCE2D-3BD1-46D9-9B28-9DEAC8FCA0FB}.Debug|Any CPU.ActiveCfg = Debug|Any CPU
		{101CCE2D-3BD1-46D9-9B28-9DEAC8FCA0FB}.Debug|Any CPU.Build.0 = Debug|Any CPU
		{101CCE2D-3BD1-46D9-9B28-9DEAC8FCA0FB}.Release|Any CPU.ActiveCfg = Release|Any CPU
		{101CCE2D-3BD1-46D9-9B28-9DEAC8FCA0FB}.Release|Any CPU.Build.0 = Release|Any CPU
		{E8C708DD-343F-4C7B-937E-F19369D324D6}.Debug|Any CPU.ActiveCfg = Debug|Any CPU
		{E8C708DD-343F-4C7B-937E-F19369D324D6}.Debug|Any CPU.Build.0 = Debug|Any CPU
		{E8C708DD-343F-4C7B-937E-F19369D324D6}.Release|Any CPU.ActiveCfg = Release|Any CPU
		{E8C708DD-343F-4C7B-937E-F19369D324D6}.Release|Any CPU.Build.0 = Release|Any CPU
		{2817C7DF-EFBE-4665-BC51-604C29A5B4A2}.Debug|Any CPU.ActiveCfg = Debug|Any CPU
		{2817C7DF-EFBE-4665-BC51-604C29A5B4A2}.Debug|Any CPU.Build.0 = Debug|Any CPU
		{2817C7DF-EFBE-4665-BC51-604C29A5B4A2}.Release|Any CPU.ActiveCfg = Release|Any CPU
		{2817C7DF-EFBE-4665-BC51-604C29A5B4A2}.Release|Any CPU.Build.0 = Release|Any CPU
		{FDAEE181-DAD7-48ED-8490-93850DC2037B}.Debug|Any CPU.ActiveCfg = Debug|Any CPU
		{FDAEE181-DAD7-48ED-8490-93850DC2037B}.Debug|Any CPU.Build.0 = Debug|Any CPU
		{FDAEE181-DAD7-48ED-8490-93850DC2037B}.Release|Any CPU.ActiveCfg = Release|Any CPU
		{FDAEE181-DAD7-48ED-8490-93850DC2037B}.Release|Any CPU.Build.0 = Release|Any CPU
		{486E58E4-6826-4FC5-ADC2-6256D8C3641A}.Debug|Any CPU.ActiveCfg = Debug|Any CPU
		{486E58E4-6826-4FC5-ADC2-6256D8C3641A}.Debug|Any CPU.Build.0 = Debug|Any CPU
		{486E58E4-6826-4FC5-ADC2-6256D8C3641A}.Release|Any CPU.ActiveCfg = Release|Any CPU
		{486E58E4-6826-4FC5-ADC2-6256D8C3641A}.Release|Any CPU.Build.0 = Release|Any CPU
		{A632B951-85BC-4E52-861A-1514DC18759D}.Debug|Any CPU.ActiveCfg = Debug|Any CPU
		{A632B951-85BC-4E52-861A-1514DC18759D}.Debug|Any CPU.Build.0 = Debug|Any CPU
		{A632B951-85BC-4E52-861A-1514DC18759D}.Release|Any CPU.ActiveCfg = Release|Any CPU
		{A632B951-85BC-4E52-861A-1514DC18759D}.Release|Any CPU.Build.0 = Release|Any CPU
		{C8807737-E144-4DF1-BC2B-D97CAA485674}.Debug|Any CPU.ActiveCfg = Debug|Any CPU
		{C8807737-E144-4DF1-BC2B-D97CAA485674}.Debug|Any CPU.Build.0 = Debug|Any CPU
		{C8807737-E144-4DF1-BC2B-D97CAA485674}.Release|Any CPU.ActiveCfg = Release|Any CPU
		{C8807737-E144-4DF1-BC2B-D97CAA485674}.Release|Any CPU.Build.0 = Release|Any CPU
		{8FFF1A18-6601-433C-95C5-F7CE4AA6C532}.Debug|Any CPU.ActiveCfg = Debug|Any CPU
		{8FFF1A18-6601-433C-95C5-F7CE4AA6C532}.Debug|Any CPU.Build.0 = Debug|Any CPU
		{8FFF1A18-6601-433C-95C5-F7CE4AA6C532}.Release|Any CPU.ActiveCfg = Release|Any CPU
		{8FFF1A18-6601-433C-95C5-F7CE4AA6C532}.Release|Any CPU.Build.0 = Release|Any CPU
		{A92138DB-2511-411B-872D-4E7162AB19EC}.Debug|Any CPU.ActiveCfg = Debug|Any CPU
		{A92138DB-2511-411B-872D-4E7162AB19EC}.Debug|Any CPU.Build.0 = Debug|Any CPU
		{A92138DB-2511-411B-872D-4E7162AB19EC}.Release|Any CPU.ActiveCfg = Release|Any CPU
		{A92138DB-2511-411B-872D-4E7162AB19EC}.Release|Any CPU.Build.0 = Release|Any CPU
	EndGlobalSection
	GlobalSection(SolutionProperties) = preSolution
		HideSolutionNode = FALSE
	EndGlobalSection
	GlobalSection(ExtensibilityGlobals) = postSolution
		SolutionGuid = {215BDD36-896D-44F8-ADAB-43C4FE30BDB2}
	EndGlobalSection
EndGlobal
